
Microsoft Visual Studio Solution File, Format Version 12.00
# Visual Studio 15
VisualStudioVersion = 15.0.28010.2046
MinimumVisualStudioVersion = 10.0.40219.1
Project("{FAE04EC0-301F-11D3-BF4B-00C04F79EFBC}") = "Appium.Test", "Appium.Test\Appium.Test.csproj", "{DD19421E-8514-43FC-B903-4C201E64DD57}"
EndProject
Global
	GlobalSection(SolutionConfigurationPlatforms) = preSolution
		Debug|Any CPU = Debug|Any CPU
		Release|Any CPU = Release|Any CPU
	EndGlobalSection
	GlobalSection(ProjectConfigurationPlatforms) = postSolution
		{DD19421E-8514-43FC-B903-4C201E64DD57}.Debug|Any CPU.ActiveCfg = Debug|Any CPU
		{DD19421E-8514-43FC-B903-4C201E64DD57}.Debug|Any CPU.Build.0 = Debug|Any CPU
		{DD19421E-8514-43FC-B903-4C201E64DD57}.Release|Any CPU.ActiveCfg = Release|Any CPU
		{DD19421E-8514-43FC-B903-4C201E64DD57}.Release|Any CPU.Build.0 = Release|Any CPU
	EndGlobalSection
	GlobalSection(SolutionProperties) = preSolution
		HideSolutionNode = FALSE
	EndGlobalSection
	GlobalSection(ExtensibilityGlobals) = postSolution
		SolutionGuid = {32D1862C-5596-4600-B902-881F7188954E}
	EndGlobalSection
EndGlobal
